Microsoft Visual Studio Solution File, Format Version 12.00
# Visual Studio Version 16
VisualStudioVersion = 16.0.29025.244
MinimumVisualStudioVersion = 10.0.40219.1
Project("{FAE04EC0-301F-11D3-BF4B-00C04F79EFBC}") = "MomoBindingLibrary.Android", "Momo.Android\MomoBindingLibrary.Android.csproj", "{6923FC9D-FBEC-4937-AA5F-31B55995DD77}"
EndProject
Project("{FAE04EC0-301F-11D3-BF4B-00C04F79EFBC}") = "MomoBindingLibrary.iOS", "Momo.iOS\MomoBindingLibrary.iOS.csproj", "{A824C5C8-698D-45E6-A673-B178833CFB9D}"
EndProject
Global
	GlobalSection(SolutionConfigurationPlatforms) = preSolution
		Debug|Any CPU = Debug|Any CPU
		Release|Any CPU = Release|Any CPU
	EndGlobalSection
	GlobalSection(ProjectConfigurationPlatforms) = postSolution
		{6923FC9D-FBEC-4937-AA5F-31B55995DD77}.Debug|Any CPU.ActiveCfg = Debug|Any CPU
		{6923FC9D-FBEC-4937-AA5F-31B55995DD77}.Debug|Any CPU.Build.0 = Debug|Any CPU
		{6923FC9D-FBEC-4937-AA5F-31B55995DD77}.Release|Any CPU.ActiveCfg = Release|Any CPU
		{6923FC9D-FBEC-4937-AA5F-31B55995DD77}.Release|Any CPU.Build.0 = Release|Any CPU
		{A824C5C8-698D-45E6-A673-B178833CFB9D}.Debug|Any CPU.ActiveCfg = Debug|Any CPU
		{A824C5C8-698D-45E6-A673-B178833CFB9D}.Debug|Any CPU.Build.0 = Debug|Any CPU
		{A824C5C8-698D-45E6-A673-B178833CFB9D}.Release|Any CPU.ActiveCfg = Release|Any CPU
		{A824C5C8-698D-45E6-A673-B178833CFB9D}.Release|Any CPU.Build.0 = Release|Any CPU
	EndGlobalSection
	GlobalSection(SolutionProperties) = preSolution
		HideSolutionNode = FALSE
	EndGlobalSection
	GlobalSection(ExtensibilityGlobals) = postSolution
		SolutionGuid = {6B4EB378-9B12-467C-B4F9-54088B126A1F}
	EndGlobalSection
EndGlobal
